{
  "name": "node-dome",
  "version": "1.0.0",
  "lockfileVersion": 1,
  "dependencies": {
    "jquery": {
      "version": "3.3.1",
      "resolved": "http://registry.npm.taobao.org/jquery/download/jquery-3.3.1.tgz",
      "integrity": "sha1-lYzinoHJeQ8xvneS311NlfxX+8o="
    },
    "marked": {
      "version": "0.3.17",
      "resolved": "http://registry.npm.taobao.org/marked/download/marked-0.3.17.tgz",
      "integrity": "sha1-YH8GZos8axJGso8T2nYRasGqLSs="
    }
  }
}
